
Microsoft Visual Studio Solution File, Format Version 12.00
# Visual Studio 2012
Project("{FAE04EC0-301F-11D3-BF4B-00C04F79EFBC}") = "Tier3.ObjectStorageViaAPI", "Tier3.ObjectStorageViaAPI\Tier3.ObjectStorageViaAPI.csproj", "{A40222C7-EFF2-48AF-8942-C8D0A0CCC267}"
EndProject
Global
	GlobalSection(SolutionConfigurationPlatforms) = preSolution
		Debug|Any CPU = Debug|Any CPU
		Release|Any CPU = Release|Any CPU
	EndGlobalSection
	GlobalSection(ProjectConfigurationPlatforms) = postSolution
		{A40222C7-EFF2-48AF-8942-C8D0A0CCC267}.Debug|Any CPU.ActiveCfg = Debug|Any CPU
		{A40222C7-EFF2-48AF-8942-C8D0A0CCC267}.Debug|Any CPU.Build.0 = Debug|Any CPU
		{A40222C7-EFF2-48AF-8942-C8D0A0CCC267}.Release|Any CPU.ActiveCfg = Release|Any CPU
		{A40222C7-EFF2-48AF-8942-C8D0A0CCC267}.Release|Any CPU.Build.0 = Release|Any CPU
	EndGlobalSection
	GlobalSection(SolutionProperties) = preSolution
		HideSolutionNode = FALSE
	EndGlobalSection
EndGlobal
